
Microsoft Visual Studio Solution File, Format Version 12.00
# Visual Studio 14
VisualStudioVersion = 14.0.25420.1
MinimumVisualStudioVersion = 10.0.40219.1
Project("{FAE04EC0-301F-11D3-BF4B-00C04F79EFBC}") = "AvalaraTax", "AvalaraTax\AvalaraTax.csproj", "{D6D98E8C-F9AB-4D0A-81B2-72D5E19EB2AF}"
EndProject
Project("{FAE04EC0-301F-11D3-BF4B-00C04F79EFBC}") = "AvalaraLibrary", "AvalaraLibrary\AvalaraLibrary.csproj", "{D6DAD7E5-BC65-45B3-9E59-F77EDD4D2176}"
EndProject
Global
	GlobalSection(SolutionConfigurationPlatforms) = preSolution
		Debug|Any CPU = Debug|Any CPU
		Release|Any CPU = Release|Any CPU
	EndGlobalSection
	GlobalSection(ProjectConfigurationPlatforms) = postSolution
		{D6D98E8C-F9AB-4D0A-81B2-72D5E19EB2AF}.Debug|Any CPU.ActiveCfg = Debug|Any CPU
		{D6D98E8C-F9AB-4D0A-81B2-72D5E19EB2AF}.Debug|Any CPU.Build.0 = Debug|Any CPU
		{D6D98E8C-F9AB-4D0A-81B2-72D5E19EB2AF}.Release|Any CPU.ActiveCfg = Release|Any CPU
		{D6D98E8C-F9AB-4D0A-81B2-72D5E19EB2AF}.Release|Any CPU.Build.0 = Release|Any CPU
		{D6DAD7E5-BC65-45B3-9E59-F77EDD4D2176}.Debug|Any CPU.ActiveCfg = Debug|Any CPU
		{D6DAD7E5-BC65-45B3-9E59-F77EDD4D2176}.Debug|Any CPU.Build.0 = Debug|Any CPU
		{D6DAD7E5-BC65-45B3-9E59-F77EDD4D2176}.Release|Any CPU.ActiveCfg = Release|Any CPU
		{D6DAD7E5-BC65-45B3-9E59-F77EDD4D2176}.Release|Any CPU.Build.0 = Release|Any CPU
	EndGlobalSection
	GlobalSection(SolutionProperties) = preSolution
		HideSolutionNode = FALSE
	EndGlobalSection
EndGlobal
